PODS:
  - CocoaAsyncSocket (7.6.5)
  - DDUtils/core (5.0.2)
  - DDUtils/ui (5.0.2):
    - DDUtils/core
  - DDUtils/utils (5.0.2):
    - DDUtils/core

DEPENDENCIES:
  - CocoaAsyncSocket
  - DDUtils/ui (~> 5.0.0)
  - DDUtils/utils (~> 5.0.0)

SPEC REPOS:
  trunk:
    - CocoaAsyncSocket
    - DDUtils

SPEC CHECKSUMS:
  CocoaAsyncSocket: 065fd1e645c7abab64f7a6a2007a48038fdc6a99
  DDUtils: 56b14d305b574751a3e5336717a6dfd56dd2c58c

PODFILE CHECKSUM: bef1458b05a91dc2e41c03d0bbc5804cf3785cf6

COCOAPODS: 1.11.2
