PODS:
  - SnapKit (5.0.1)
  - ZXKitCore/core (0.0.14):
    - SnapKit
    - ZXKitUtil
  - ZXKitFPS (0.0.2):
    - ZXKitFPS/core (= 0.0.2)
  - ZXKitFPS/core (0.0.2)
  - ZXKitUtil (0.0.8):
    - ZXKitUtil/core (= 0.0.8)
  - ZXKitUtil/core (0.0.8)

DEPENDENCIES:
  - SnapKit
  - ZXKitCore/core
  - ZXKitFPS
  - ZXKitUtil

SPEC REPOS:
  trunk:
    - SnapKit
    - ZXKitCore
    - ZXKitFPS
    - ZXKitUtil

SPEC CHECKSUMS:
  SnapKit: 97b92857e3df3a0c71833cce143274bf6ef8e5eb
  ZXKitCore: c9353945150740b2042db10f700d7fa2129dd4e8
  ZXKitFPS: a5c18b30ad6687679d9d17ea9be6936a34028b8c
  ZXKitUtil: 3e4847994fbea5751bdef7e6bda6ff40a60b3493

PODFILE CHECKSUM: 09563b944bc75d8d985e454a95619af4dbcf56ba

COCOAPODS: 1.9.1
