PODS:
  - HDCommonToolsSwift (2.1.5):
    - HDCommonToolsSwift/Core (= 2.1.5)
  - HDCommonToolsSwift/Core (2.1.5)
  - SnapKit (5.0.1)

DEPENDENCIES:
  - HDCommonToolsSwift
  - SnapKit

SPEC REPOS:
  trunk:
    - HDCommonToolsSwift
    - SnapKit

SPEC CHECKSUMS:
  HDCommonToolsSwift: b969dc8e49a762392b48f6ee5035ddeb22d5ffcf
  SnapKit: 97b92857e3df3a0c71833cce143274bf6ef8e5eb

PODFILE CHECKSUM: 3ba454a307fc2f969bef483b645c6430abb9f701

COCOAPODS: 1.9.1
